version = 1
revision = 3
requires-python = ">=3.12"

[[package]]
name = "packaging"
version = "25.0"
source = { registry = "https://pypi.org/simple" }
sdist = { url = "https://files.pythonhosted.org/packages/a1/d4/1fc4078c65507b51b96ca8f8c3ba19e6a61c8253c72794544580a7b6c24d/packaging-25.0.tar.gz", hash = "sha256:d443872c98d677bf60f6a1f2f8c1cb748e8fe762d2bf9d3148b5599295b0fc4f", size = 165727, upload-time = "2025-04-19T11:48:59.673Z" }
wheels = [
    { url = "https://files.pythonhosted.org/packages/20/12/38679034af332785aac8774540895e234f4d07f7545804097de4b666afd8/packaging-25.0-py3-none-any.whl", hash = "sha256:29572ef2b1f17581046b3a2227d5c611fb25ec70ca1ba8554b24b0e69331a484", size = 66469, upload-time = "2025-04-19T11:48:57.875Z" },
]

[[package]]
name = "pillow"
version = "12.1.0"
source = { registry = "https://pypi.org/simple" }
sdist = { url = "https://files.pythonhosted.org/packages/d0/02/d52c733a2452ef1ffcc123b68e6606d07276b0e358db70eabad7e40042b7/pillow-12.1.0.tar.gz", hash = "sha256:5c5ae0a06e9ea030ab786b0251b32c7e4ce10e58d983c0d5c56029455180b5b9", size = 46977283, upload-time = "2026-01-02T09:13:29.892Z" }
wheels = [
    { url = "https://files.pythonhosted.org/packages/20/31/dc53fe21a2f2996e1b7d92bf671cdb157079385183ef7c1ae08b485db510/pillow-12.1.0-cp312-cp312-macosx_10_13_x86_64.whl", hash = "sha256:a332ac4ccb84b6dde65dbace8431f3af08874bf9770719d32a635c4ef411b18b", size = 5262642, upload-time = "2026-01-02T09:11:10.138Z" },
    { url = "https://files.pythonhosted.org/packages/ab/c1/10e45ac9cc79419cedf5121b42dcca5a50ad2b601fa080f58c22fb27626e/pillow-12.1.0-cp312-cp312-macosx_11_0_arm64.whl", hash = "sha256:907bfa8a9cb790748a9aa4513e37c88c59660da3bcfffbd24a7d9e6abf224551", size = 4657464, upload-time = "2026-01-02T09:11:12.319Z" },
    { url = "https://files.pythonhosted.org/packages/ad/26/7b82c0ab7ef40ebede7a97c72d473bda5950f609f8e0c77b04af574a0ddb/pillow-12.1.0-cp312-cp312-manylinux2014_aarch64.manylinux_2_17_aarch64.whl", hash = "sha256:efdc140e7b63b8f739d09a99033aa430accce485ff78e6d311973a67b6bf3208", size = 6234878, upload-time = "2026-01-02T09:11:14.096Z" },
    { url = "https://files.pythonhosted.org/packages/76/25/27abc9792615b5e886ca9411ba6637b675f1b77af3104710ac7353fe5605/pillow-12.1.0-cp312-cp312-manylinux2014_x86_64.manylinux_2_17_x86_64.whl", hash = "sha256:bef9768cab184e7ae6e559c032e95ba8d07b3023c289f79a2bd36e8bf85605a5", size = 8044868, upload-time = "2026-01-02T09:11:15.903Z" },
    { url = "https://files.pythonhosted.org/packages/0a/ea/f200a4c36d836100e7bc738fc48cd963d3ba6372ebc8298a889e0cfc3359/pillow-12.1.0-cp312-cp312-manylinux_2_27_aarch64.manylinux_2_28_aarch64.whl", hash = "sha256:742aea052cf5ab5034a53c3846165bc3ce88d7c38e954120db0ab867ca242661", size = 6349468, upload-time = "2026-01-02T09:11:17.631Z" },
    { url = "https://files.pythonhosted.org/packages/11/8f/48d0b77ab2200374c66d344459b8958c86693be99526450e7aee714e03e4/pillow-12.1.0-cp312-cp312-manylinux_2_27_x86_64.manylinux_2_28_x86_64.whl", hash = "sha256:a6dfc2af5b082b635af6e08e0d1f9f1c4e04d17d4e2ca0ef96131e85eda6eb17", size = 7041518, upload-time = "2026-01-02T09:11:19.389Z" },
    { url = "https://files.pythonhosted.org/packages/1d/23/c281182eb986b5d31f0a76d2a2c8cd41722d6fb8ed07521e802f9bba52de/pillow-12.1.0-cp312-cp312-musllinux_1_2_aarch64.whl", hash = "sha256:609e89d9f90b581c8d16358c9087df76024cf058fa693dd3e1e1620823f39670", size = 6462829, upload-time = "2026-01-02T09:11:21.28Z" },
    { url = "https://files.pythonhosted.org/packages/25/ef/7018273e0faac099d7b00982abdcc39142ae6f3bd9ceb06de09779c4a9d6/pillow-12.1.0-cp312-cp312-musllinux_1_2_x86_64.whl", hash = "sha256:43b4899cfd091a9693a1278c4982f3e50f7fb7cff5153b05174b4afc9593b616", size = 7166756, upload-time = "2026-01-02T09:11:23.559Z" },
    { url = "https://files.pythonhosted.org/packages/8f/c8/993d4b7ab2e341fe02ceef9576afcf5830cdec640be2ac5bee1820d693d4/pillow-12.1.0-cp312-cp312-win32.whl", hash = "sha256:aa0c9cc0b82b14766a99fbe6084409972266e82f459821cd26997a488a7261a7", size = 6328770, upload-time = "2026-01-02T09:11:25.661Z" },
    { url = "https://files.pythonhosted.org/packages/a7/87/90b358775a3f02765d87655237229ba64a997b87efa8ccaca7dd3e36e7a7/pillow-12.1.0-cp312-cp312-win_amd64.whl", hash = "sha256:d70534cea9e7966169ad29a903b99fc507e932069a881d0965a1a84bb57f6c6d", size = 7033406, upload-time = "2026-01-02T09:11:27.474Z" },
    { url = "https://files.pythonhosted.org/packages/5d/cf/881b457eccacac9e5b2ddd97d5071fb6d668307c57cbf4e3b5278e06e536/pillow-12.1.0-cp312-cp312-win_arm64.whl", hash = "sha256:65b80c1ee7e14a87d6a068dd3b0aea268ffcabfe0498d38661b00c5b4b22e74c", size = 2452612, upload-time = "2026-01-02T09:11:29.309Z" },
    { url = "https://files.pythonhosted.org/packages/dd/c7/2530a4aa28248623e9d7f27316b42e27c32ec410f695929696f2e0e4a778/pillow-12.1.0-cp313-cp313-ios_13_0_arm64_iphoneos.whl", hash = "sha256:7b5dd7cbae20285cdb597b10eb5a2c13aa9de6cde9bb64a3c1317427b1db1ae1", size = 4062543, upload-time = "2026-01-02T09:11:31.566Z" },
    { url = "https://files.pythonhosted.org/packages/8f/1f/40b8eae823dc1519b87d53c30ed9ef085506b05281d313031755c1705f73/pillow-12.1.0-cp313-cp313-ios_13_0_arm64_iphonesimulator.whl", hash = "sha256:29a4cef9cb672363926f0470afc516dbf7305a14d8c54f7abbb5c199cd8f8179", size = 4138373, upload-time = "2026-01-02T09:11:33.367Z" },
    { url = "https://files.pythonhosted.org/packages/d4/77/6fa60634cf06e52139fd0e89e5bbf055e8166c691c42fb162818b7fda31d/pillow-12.1.0-cp313-cp313-ios_13_0_x86_64_iphonesimulator.whl", hash = "sha256:681088909d7e8fa9e31b9799aaa59ba5234c58e5e4f1951b4c4d1082a2e980e0", size = 3601241, upload-time = "2026-01-02T09:11:35.011Z" },
    { url = "https://files.pythonhosted.org/packages/4f/bf/28ab865de622e14b747f0cd7877510848252d950e43002e224fb1c9ababf/pillow-12.1.0-cp313-cp313-macosx_10_13_x86_64.whl", hash = "sha256:983976c2ab753166dc66d36af6e8ec15bb511e4a25856e2227e5f7e00a160587", size = 5262410, upload-time = "2026-01-02T09:11:36.682Z" },
    { url = "https://files.pythonhosted.org/packages/1c/34/583420a1b55e715937a85bd48c5c0991598247a1fd2eb5423188e765ea02/pillow-12.1.0-cp313-cp313-macosx_11_0_arm64.whl", hash = "sha256:db44d5c160a90df2d24a24760bbd37607d53da0b34fb546c4c232af7192298ac", size = 4657312, upload-time = "2026-01-02T09:11:38.535Z" },
    { url = "https://files.pythonhosted.org/packages/1d/fd/f5a0896839762885b3376ff04878f86ab2b097c2f9a9cdccf4eda8ba8dc0/pillow-12.1.0-cp313-cp313-manylinux2014_aarch64.manylinux_2_17_aarch64.whl", hash = "sha256:6b7a9d1db5dad90e2991645874f708e87d9a3c370c243c2d7684d28f7e133e6b", size = 6232605, upload-time = "2026-01-02T09:11:40.602Z" },
    { url = "https://files.pythonhosted.org/packages/98/aa/938a09d127ac1e70e6ed467bd03834350b33ef646b31edb7452d5de43792/pillow-12.1.0-cp313-cp313-manylinux2014_x86_64.manylinux_2_17_x86_64.whl", hash = "sha256:6258f3260986990ba2fa8a874f8b6e808cf5abb51a94015ca3dc3c68aa4f30ea", size = 8041617, upload-time = "2026-01-02T09:11:42.721Z" },
    { url = "https://files.pythonhosted.org/packages/17/e8/538b24cb426ac0186e03f80f78bc8dc7246c667f58b540bdd57c71c9f79d/pillow-12.1.0-cp313-cp313-manylinux_2_27_aarch64.manylinux_2_28_aarch64.whl", hash = "sha256:e115c15e3bc727b1ca3e641a909f77f8ca72a64fff150f666fcc85e57701c26c", size = 6346509, upload-time = "2026-01-02T09:11:44.955Z" },
    { url = "https://files.pythonhosted.org/packages/01/9a/632e58ec89a32738cabfd9ec418f0e9898a2b4719afc581f07c04a05e3c9/pillow-12.1.0-cp313-cp313-manylinux_2_27_x86_64.manylinux_2_28_x86_64.whl", hash = "sha256:6741e6f3074a35e47c77b23a4e4f2d90db3ed905cb1c5e6e0d49bff2045632bc", size = 7038117, upload-time = "2026-01-02T09:11:46.736Z" },
    { url = "https://files.pythonhosted.org/packages/c7/a2/d40308cf86eada842ca1f3ffa45d0ca0df7e4ab33c83f81e73f5eaed136d/pillow-12.1.0-cp313-cp313-musllinux_1_2_aarch64.whl", hash = "sha256:935b9d1aed48fcfb3f838caac506f38e29621b44ccc4f8a64d575cb1b2a88644", size = 6460151, upload-time = "2026-01-02T09:11:48.625Z" },
    { url = "https://files.pythonhosted.org/packages/f1/88/f5b058ad6453a085c5266660a1417bdad590199da1b32fb4efcff9d33b05/pillow-12.1.0-cp313-cp313-musllinux_1_2_x86_64.whl", hash = "sha256:5fee4c04aad8932da9f8f710af2c1a15a83582cfb884152a9caa79d4efcdbf9c", size = 7164534, upload-time = "2026-01-02T09:11:50.445Z" },
    { url = "https://files.pythonhosted.org/packages/19/ce/c17334caea1db789163b5d855a5735e47995b0b5dc8745e9a3605d5f24c0/pillow-12.1.0-cp313-cp313-win32.whl", hash = "sha256:a786bf667724d84aa29b5db1c61b7bfdde380202aaca12c3461afd6b71743171", size = 6332551, upload-time = "2026-01-02T09:11:52.234Z" },
    { url = "https://files.pythonhosted.org/packages/e5/07/74a9d941fa45c90a0d9465098fe1ec85de3e2afbdc15cc4766622d516056/pillow-12.1.0-cp313-cp313-win_amd64.whl", hash = "sha256:461f9dfdafa394c59cd6d818bdfdbab4028b83b02caadaff0ffd433faf4c9a7a", size = 7040087, upload-time = "2026-01-02T09:11:54.822Z" },
    { url = "https://files.pythonhosted.org/packages/88/09/c99950c075a0e9053d8e880595926302575bc742b1b47fe1bbcc8d388d50/pillow-12.1.0-cp313-cp313-win_arm64.whl", hash = "sha256:9212d6b86917a2300669511ed094a9406888362e085f2431a7da985a6b124f45", size = 2452470, upload-time = "2026-01-02T09:11:56.522Z" },
    { url = "https://files.pythonhosted.org/packages/b5/ba/970b7d85ba01f348dee4d65412476321d40ee04dcb51cd3735b9dc94eb58/pillow-12.1.0-cp313-cp313t-macosx_10_13_x86_64.whl", hash = "sha256:00162e9ca6d22b7c3ee8e61faa3c3253cd19b6a37f126cad04f2f88b306f557d", size = 5264816, upload-time = "2026-01-02T09:11:58.227Z" },
    { url = "https://files.pythonhosted.org/packages/10/60/650f2fb55fdba7a510d836202aa52f0baac633e50ab1cf18415d332188fb/pillow-12.1.0-cp313-cp313t-macosx_11_0_arm64.whl", hash = "sha256:7d6daa89a00b58c37cb1747ec9fb7ac3bc5ffd5949f5888657dfddde6d1312e0", size = 4660472, upload-time = "2026-01-02T09:12:00.798Z" },
    { url = "https://files.pythonhosted.org/packages/2b/c0/5273a99478956a099d533c4f46cbaa19fd69d606624f4334b85e50987a08/pillow-12.1.0-cp313-cp313t-manylinux2014_aarch64.manylinux_2_17_aarch64.whl", hash = "sha256:e2479c7f02f9d505682dc47df8c0ea1fc5e264c4d1629a5d63fe3e2334b89554", size = 6268974, upload-time = "2026-01-02T09:12:02.572Z" },
    { url = "https://files.pythonhosted.org/packages/b4/26/0bf714bc2e73d5267887d47931d53c4ceeceea6978148ed2ab2a4e6463c4/pillow-12.1.0-cp313-cp313t-manylinux2014_x86_64.manylinux_2_17_x86_64.whl", hash = "sha256:f188d580bd870cda1e15183790d1cc2fa78f666e76077d103edf048eed9c356e", size = 8073070, upload-time = "2026-01-02T09:12:04.75Z" },
    { url = "https://files.pythonhosted.org/packages/43/cf/1ea826200de111a9d65724c54f927f3111dc5ae297f294b370a670c17786/pillow-12.1.0-cp313-cp313t-manylinux_2_27_aarch64.manylinux_2_28_aarch64.whl", hash = "sha256:0fde7ec5538ab5095cc02df38ee99b0443ff0e1c847a045554cf5f9af1f4aa82", size = 6380176, upload-time = "2026-01-02T09:12:06.626Z" },
    { url = "https://files.pythonhosted.org/packages/03/e0/7938dd2b2013373fd85d96e0f38d62b7a5a262af21ac274250c7ca7847c9/pillow-12.1.0-cp313-cp313t-manylinux_2_27_x86_64.manylinux_2_28_x86_64.whl", hash = "sha256:0ed07dca4a8464bada6139ab38f5382f83e5f111698caf3191cb8dbf27d908b4", size = 7067061, upload-time = "2026-01-02T09:12:08.624Z" },
    { url = "https://files.pythonhosted.org/packages/86/ad/a2aa97d37272a929a98437a8c0ac37b3cf012f4f8721e1bd5154699b2518/pillow-12.1.0-cp313-cp313t-musllinux_1_2_aarch64.whl", hash = "sha256:f45bd71d1fa5e5749587613037b172e0b3b23159d1c00ef2fc920da6f470e6f0", size = 6491824, upload-time = "2026-01-02T09:12:10.488Z" },
    { url = "https://files.pythonhosted.org/packages/a4/44/80e46611b288d51b115826f136fb3465653c28f491068a72d3da49b54cd4/pillow-12.1.0-cp313-cp313t-musllinux_1_2_x86_64.whl", hash = "sha256:277518bf4fe74aa91489e1b20577473b19ee70fb97c374aa50830b279f25841b", size = 7190911, upload-time = "2026-01-02T09:12:12.772Z" },
    { url = "https://files.pythonhosted.org/packages/86/77/eacc62356b4cf81abe99ff9dbc7402750044aed02cfd6a503f7c6fc11f3e/pillow-12.1.0-cp313-cp313t-win32.whl", hash = "sha256:7315f9137087c4e0ee73a761b163fc9aa3b19f5f606a7fc08d83fd3e4379af65", size = 6336445, upload-time = "2026-01-02T09:12:14.775Z" },
    { url = "https://files.pythonhosted.org/packages/e7/3c/57d81d0b74d218706dafccb87a87ea44262c43eef98eb3b164fd000e0491/pillow-12.1.0-cp313-cp313t-win_amd64.whl", hash = "sha256:0ddedfaa8b5f0b4ffbc2fa87b556dc59f6bb4ecb14a53b33f9189713ae8053c0", size = 7045354, upload-time = "2026-01-02T09:12:16.599Z" },
    { url = "https://files.pythonhosted.org/packages/ac/82/8b9b97bba2e3576a340f93b044a3a3a09841170ab4c1eb0d5c93469fd32f/pillow-12.1.0-cp313-cp313t-win_arm64.whl", hash = "sha256:80941e6d573197a0c28f394753de529bb436b1ca990ed6e765cf42426abc39f8", size = 2454547, upload-time = "2026-01-02T09:12:18.704Z" },
    { url = "https://files.pythonhosted.org/packages/8c/87/bdf971d8bbcf80a348cc3bacfcb239f5882100fe80534b0ce67a784181d8/pillow-12.1.0-cp314-cp314-ios_13_0_arm64_iphoneos.whl", hash = "sha256:5cb7bc1966d031aec37ddb9dcf15c2da5b2e9f7cc3ca7c54473a20a927e1eb91", size = 4062533, upload-time = "2026-01-02T09:12:20.791Z" },
    { url = "https://files.pythonhosted.org/packages/ff/4f/5eb37a681c68d605eb7034c004875c81f86ec9ef51f5be4a63eadd58859a/pillow-12.1.0-cp314-cp314-ios_13_0_arm64_iphonesimulator.whl", hash = "sha256:97e9993d5ed946aba26baf9c1e8cf18adbab584b99f452ee72f7ee8acb882796", size = 4138546, upload-time = "2026-01-02T09:12:23.664Z" },
    { url = "https://files.pythonhosted.org/packages/11/6d/19a95acb2edbace40dcd582d077b991646b7083c41b98da4ed7555b59733/pillow-12.1.0-cp314-cp314-ios_13_0_x86_64_iphonesimulator.whl", hash = "sha256:414b9a78e14ffeb98128863314e62c3f24b8a86081066625700b7985b3f529bd", size = 3601163, upload-time = "2026-01-02T09:12:26.338Z" },
    { url = "https://files.pythonhosted.org/packages/fc/36/2b8138e51cb42e4cc39c3297713455548be855a50558c3ac2beebdc251dd/pillow-12.1.0-cp314-cp314-macosx_10_15_x86_64.whl", hash = "sha256:e6bdb408f7c9dd2a5ff2b14a3b0bb6d4deb29fb9961e6eb3ae2031ae9a5cec13", size = 5266086, upload-time = "2026-01-02T09:12:28.782Z" },
    { url = "https://files.pythonhosted.org/packages/53/4b/649056e4d22e1caa90816bf99cef0884aed607ed38075bd75f091a607a38/pillow-12.1.0-cp314-cp314-macosx_11_0_arm64.whl", hash = "sha256:3413c2ae377550f5487991d444428f1a8ae92784aac79caa8b1e3b89b175f77e", size = 4657344, upload-time = "2026-01-02T09:12:31.117Z" },
    { url = "https://files.pythonhosted.org/packages/6c/6b/c5742cea0f1ade0cd61485dc3d81f05261fc2276f537fbdc00802de56779/pillow-12.1.0-cp314-cp314-manylinux2014_aarch64.manylinux_2_17_aarch64.whl", hash = "sha256:e5dcbe95016e88437ecf33544ba5db21ef1b8dd6e1b434a2cb2a3d605299e643", size = 6232114, upload-time = "2026-01-02T09:12:32.936Z" },
    { url = "https://files.pythonhosted.org/packages/bf/8f/9f521268ce22d63991601aafd3d48d5ff7280a246a1ef62d626d67b44064/pillow-12.1.0-cp314-cp314-manylinux2014_x86_64.manylinux_2_17_x86_64.whl", hash = "sha256:d0a7735df32ccbcc98b98a1ac785cc4b19b580be1bdf0aeb5c03223220ea09d5", size = 8042708, upload-time = "2026-01-02T09:12:34.78Z" },
    { url = "https://files.pythonhosted.org/packages/1a/eb/257f38542893f021502a1bbe0c2e883c90b5cff26cc33b1584a841a06d30/pillow-12.1.0-cp314-cp314-manylinux_2_27_aarch64.manylinux_2_28_aarch64.whl", hash = "sha256:0c27407a2d1b96774cbc4a7594129cc027339fd800cd081e44497722ea1179de", size = 6347762, upload-time = "2026-01-02T09:12:36.748Z" },
    { url = "https://files.pythonhosted.org/packages/c4/5a/8ba375025701c09b309e8d5163c5a4ce0102fa86bbf8800eb0d7ac87bc51/pillow-12.1.0-cp314-cp314-manylinux_2_27_x86_64.manylinux_2_28_x86_64.whl", hash = "sha256:15c794d74303828eaa957ff8070846d0efe8c630901a1c753fdc63850e19ecd9", size = 7039265, upload-time = "2026-01-02T09:12:39.082Z" },
    { url = "https://files.pythonhosted.org/packages/cf/dc/cf5e4cdb3db533f539e88a7bbf9f190c64ab8a08a9bc7a4ccf55067872e4/pillow-12.1.0-cp314-cp314-musllinux_1_2_aarch64.whl", hash = "sha256:c990547452ee2800d8506c4150280757f88532f3de2a58e3022e9b179107862a", size = 6462341, upload-time = "2026-01-02T09:12:40.946Z" },
    { url = "https://files.pythonhosted.org/packages/d0/47/0291a25ac9550677e22eda48510cfc4fa4b2ef0396448b7fbdc0a6946309/pillow-12.1.0-cp314-cp314-musllinux_1_2_x86_64.whl", hash = "sha256:b63e13dd27da389ed9475b3d28510f0f954bca0041e8e551b2a4eb1eab56a39a", size = 7165395, upload-time = "2026-01-02T09:12:42.706Z" },
    { url = "https://files.pythonhosted.org/packages/4f/4c/e005a59393ec4d9416be06e6b45820403bb946a778e39ecec62f5b2b991e/pillow-12.1.0-cp314-cp314-win32.whl", hash = "sha256:1a949604f73eb07a8adab38c4fe50791f9919344398bdc8ac6b307f755fc7030", size = 6431413, upload-time = "2026-01-02T09:12:44.944Z" },
    { url = "https://files.pythonhosted.org/packages/1c/af/f23697f587ac5f9095d67e31b81c95c0249cd461a9798a061ed6709b09b5/pillow-12.1.0-cp314-cp314-win_amd64.whl", hash = "sha256:4f9f6a650743f0ddee5593ac9e954ba1bdbc5e150bc066586d4f26127853ab94", size = 7176779, upload-time = "2026-01-02T09:12:46.727Z" },
    { url = "https://files.pythonhosted.org/packages/b3/36/6a51abf8599232f3e9afbd16d52829376a68909fe14efe29084445db4b73/pillow-12.1.0-cp314-cp314-win_arm64.whl", hash = "sha256:808b99604f7873c800c4840f55ff389936ef1948e4e87645eaf3fccbc8477ac4", size = 2543105, upload-time = "2026-01-02T09:12:49.243Z" },
    { url = "https://files.pythonhosted.org/packages/82/54/2e1dd20c8749ff225080d6ba465a0cab4387f5db0d1c5fb1439e2d99923f/pillow-12.1.0-cp314-cp314t-macosx_10_15_x86_64.whl", hash = "sha256:bc11908616c8a283cf7d664f77411a5ed2a02009b0097ff8abbba5e79128ccf2", size = 5268571, upload-time = "2026-01-02T09:12:51.11Z" },
    { url = "https://files.pythonhosted.org/packages/57/61/571163a5ef86ec0cf30d265ac2a70ae6fc9e28413d1dc94fa37fae6bda89/pillow-12.1.0-cp314-cp314t-macosx_11_0_arm64.whl", hash = "sha256:896866d2d436563fa2a43a9d72f417874f16b5545955c54a64941e87c1376c61", size = 4660426, upload-time = "2026-01-02T09:12:52.865Z" },
    { url = "https://files.pythonhosted.org/packages/5e/e1/53ee5163f794aef1bf84243f755ee6897a92c708505350dd1923f4afec48/pillow-12.1.0-cp314-cp314t-manylinux2014_aarch64.manylinux_2_17_aarch64.whl", hash = "sha256:8e178e3e99d3c0ea8fc64b88447f7cac8ccf058af422a6cedc690d0eadd98c51", size = 6269908, upload-time = "2026-01-02T09:12:54.884Z" },
    { url = "https://files.pythonhosted.org/packages/bc/0b/b4b4106ff0ee1afa1dc599fde6ab230417f800279745124f6c50bcffed8e/pillow-12.1.0-cp314-cp314t-manylinux2014_x86_64.manylinux_2_17_x86_64.whl", hash = "sha256:079af2fb0c599c2ec144ba2c02766d1b55498e373b3ac64687e43849fbbef5bc", size = 8074733, upload-time = "2026-01-02T09:12:56.802Z" },
    { url = "https://files.pythonhosted.org/packages/19/9f/80b411cbac4a732439e629a26ad3ef11907a8c7fc5377b7602f04f6fe4e7/pillow-12.1.0-cp314-cp314t-manylinux_2_27_aarch64.manylinux_2_28_aarch64.whl", hash = "sha256:bdec5e43377761c5dbca620efb69a77f6855c5a379e32ac5b158f54c84212b14", size = 6381431, upload-time = "2026-01-02T09:12:58.823Z" },
    { url = "https://files.pythonhosted.org/packages/8f/b7/d65c45db463b66ecb6abc17c6ba6917a911202a07662247e1355ce1789e7/pillow-12.1.0-cp314-cp314t-manylinux_2_27_x86_64.manylinux_2_28_x86_64.whl", hash = "sha256:565c986f4b45c020f5421a4cea13ef294dde9509a8577f29b2fc5edc7587fff8", size = 7068529, upload-time = "2026-01-02T09:13:00.885Z" },
    { url = "https://files.pythonhosted.org/packages/50/96/dfd4cd726b4a45ae6e3c669fc9e49deb2241312605d33aba50499e9d9bd1/pillow-12.1.0-cp314-cp314t-musllinux_1_2_aarch64.whl", hash = "sha256:43aca0a55ce1eefc0aefa6253661cb54571857b1a7b2964bd8a1e3ef4b729924", size = 6492981, upload-time = "2026-01-02T09:13:03.314Z" },
    { url = "https://files.pythonhosted.org/packages/4d/1c/b5dc52cf713ae46033359c5ca920444f18a6359ce1020dd3e9c553ea5bc6/pillow-12.1.0-cp314-cp314t-musllinux_1_2_x86_64.whl", hash = "sha256:0deedf2ea233722476b3a81e8cdfbad786f7adbed5d848469fa59fe52396e4ef", size = 7191878, upload-time = "2026-01-02T09:13:05.276Z" },
    { url = "https://files.pythonhosted.org/packages/53/26/c4188248bd5edaf543864fe4834aebe9c9cb4968b6f573ce014cc42d0720/pillow-12.1.0-cp314-cp314t-win32.whl", hash = "sha256:b17fbdbe01c196e7e159aacb889e091f28e61020a8abeac07b68079b6e626988", size = 6438703, upload-time = "2026-01-02T09:13:07.491Z" },
    { url = "https://files.pythonhosted.org/packages/b8/0e/69ed296de8ea05cb03ee139cee600f424ca166e632567b2d66727f08c7ed/pillow-12.1.0-cp314-cp314t-win_amd64.whl", hash = "sha256:27b9baecb428899db6c0de572d6d305cfaf38ca1596b5c0542a5182e3e74e8c6", size = 7182927, upload-time = "2026-01-02T09:13:09.841Z" },
    { url = "https://files.pythonhosted.org/packages/fc/f5/68334c015eed9b5cff77814258717dec591ded209ab5b6fb70e2ae873d1d/pillow-12.1.0-cp314-cp314t-win_arm64.whl", hash = "sha256:f61333d817698bdcdd0f9d7793e365ac3d2a21c1f1eb02b32ad6aefb8d8ea831", size = 2545104, upload-time = "2026-01-02T09:13:12.068Z" },
]

[[package]]
name = "pillow-jxl-plugin"
version = "1.3.7"
source = { registry = "https://pypi.org/simple" }
dependencies = [
    { name = "packaging" },
    { name = "pillow" },
]
sdist = { url = "https://files.pythonhosted.org/packages/fc/a4/d82f1c69fa1559d17c4d906dd72c8f383e8ba0beb14441db99dc91e56598/pillow_jxl_plugin-1.3.7.tar.gz", hash = "sha256:af33fa5d0d2ef14ddbd48571a70269f62fc4c143777a3d5f48ff6294f4c48398", size = 1601622, upload-time = "2025-12-21T11:00:23.014Z" }
wheels = [
    { url = "https://files.pythonhosted.org/packages/c6/fa/853c9fc8bc81b1edf0cf032e11769ffbcc622a3b54ae3b2fac4cdc39718c/pillow_jxl_plugin-1.3.7-cp312-cp312-macosx_10_12_x86_64.whl", hash = "sha256:5d87f759a87868676222e6e998093118263928825c4d074e7224ab263fe196d4", size = 2333452, upload-time = "2025-12-21T10:59:37.369Z" },
    { url = "https://files.pythonhosted.org/packages/6d/1d/1e24be3ae00784a2a006623ceb0caf6f42e8977b365d33030e94cf87f147/pillow_jxl_plugin-1.3.7-cp312-cp312-macosx_11_0_arm64.whl", hash = "sha256:ccf7aebfe3ab9395cc2e1875ee0222cc3d2ad9e1d289cb9a9b94aec7c0c0fdb2", size = 1759720, upload-time = "2025-12-21T10:59:29.939Z" },
    { url = "https://files.pythonhosted.org/packages/de/95/a4aa433b1642e86974ec7e01c1d4702268eeb795494f0727bf8b56013d4b/pillow_jxl_plugin-1.3.7-cp312-cp312-manylinux_2_17_aarch64.manylinux2014_aarch64.whl", hash = "sha256:be903d87174a00eb55b762c78dfaf0f369a63dd2d01125aff59b365d34b5777c", size = 2144646, upload-time = "2025-12-21T10:59:05.598Z" },
    { url = "https://files.pythonhosted.org/packages/52/2c/34c86ab42ec270d325ef900465f7d1d4e6df4971e78adc797ec44d415f6b/pillow_jxl_plugin-1.3.7-cp312-cp312-manylinux_2_17_i686.manylinux2014_i686.whl", hash = "sha256:fd937b14ac381d7de1ceee7c3ece719cdbf257bfcb868766e50a852a40bbca66", size = 2479858, upload-time = "2025-12-21T10:59:13.424Z" },
    { url = "https://files.pythonhosted.org/packages/7f/2c/5dfea6f457aabbb0b4ab1bae92646a781183e90a2739b3aaa6b917f105ed/pillow_jxl_plugin-1.3.7-cp312-cp312-manylinux_2_17_x86_64.manylinux2014_x86_64.whl", hash = "sha256:45251c24507e256fb003da8fa92a3f4dbef4e1d93c4361ae5db07f903c8b2cf7", size = 2568246, upload-time = "2025-12-21T10:59:22.352Z" },
    { url = "https://files.pythonhosted.org/packages/60/37/038f4f9708b09f275d9935e76b1338aa171f6f85d9d67ab08ff6e157e9c5/pillow_jxl_plugin-1.3.7-cp312-cp312-musllinux_1_2_aarch64.whl", hash = "sha256:5ef8664257f258ec792cb9c1b6f5a5f1a97235c3410b0305e8f92f4eb7844208", size = 8307370, upload-time = "2025-12-21T10:59:46.822Z" },
    { url = "https://files.pythonhosted.org/packages/61/92/7a178ec52c69c695d4d32f5f0f45c5c700ee1575743dead0d248d843ce6d/pillow_jxl_plugin-1.3.7-cp312-cp312-musllinux_1_2_armv7l.whl", hash = "sha256:7702dcf98348e5617b66f47870e775efbe96c9fa896d2ba3a083ca08925f6732", size = 8383419, upload-time = "2025-12-21T10:59:55.78Z" },
    { url = "https://files.pythonhosted.org/packages/48/85/366805e167c7d0fba7b016762fcb24a1189c797ee7ebe91c73a2dd321a09/pillow_jxl_plugin-1.3.7-cp312-cp312-musllinux_1_2_i686.whl", hash = "sha256:b9cca9331b2c9230e363db9547314961d029ace51145f5645fac21a10ce241c1", size = 9006836, upload-time = "2025-12-21T11:00:05.094Z" },
    { url = "https://files.pythonhosted.org/packages/e2/a5/6c733fdc5d960a06263d3479b2a848ff92666e424c827e0b35951a00ef4a/pillow_jxl_plugin-1.3.7-cp312-cp312-musllinux_1_2_x86_64.whl", hash = "sha256:ee8289a0d57f69c8df11bae0a6b4d18bde5c2b1bff4e75361892b7d5afd71d95", size = 9247062, upload-time = "2025-12-21T11:00:15.796Z" },
    { url = "https://files.pythonhosted.org/packages/a9/2a/7d395bed1cc457f23755b315adb599de681c4fd9f87c56327c16f1c7b8ac/pillow_jxl_plugin-1.3.7-cp312-cp312-win32.whl", hash = "sha256:a32758859e270f9c3a4df5c745be027630baa11d72d592d5e172a6e61d0b17d7", size = 4406143, upload-time = "2025-12-21T11:00:39.651Z" },
    { url = "https://files.pythonhosted.org/packages/c8/32/aa729f55e1b91367784d4b69216fdd7bf71a495f054352c6037af7b57471/pillow_jxl_plugin-1.3.7-cp312-cp312-win_amd64.whl", hash = "sha256:bf86a9ffb89ad8cd7591cfb75068e6dec1654d9a390eeb2e5b85dae3c23aae25", size = 5004284, upload-time = "2025-12-21T11:00:31.529Z" },
    { url = "https://files.pythonhosted.org/packages/be/94/66d0468d7def3aebf91571f4f977696f836722cdec03d801e0dc9f8ab462/pillow_jxl_plugin-1.3.7-cp312-cp312-win_arm64.whl", hash = "sha256:f3af1bd89c25d12287fb9473d0e4e529d2cff414f6fb15d54504325b31433be7", size = 2262959, upload-time = "2025-12-21T11:00:25.328Z" },
    { url = "https://files.pythonhosted.org/packages/91/68/f1513f937cb4b2fceb954a1f0d4c13536f26e979ad73a925630bb6a856d5/pillow_jxl_plugin-1.3.7-cp313-cp313-macosx_10_12_x86_64.whl", hash = "sha256:2da876f77fdfa216f0011d5b1445af9a81438a5fd999d0a7b16036ad896cb32d", size = 2333540, upload-time = "2025-12-21T10:59:38.707Z" },
    { url = "https://files.pythonhosted.org/packages/50/87/d84cd5cd5b3b13e2787a43d60715f80358dc124d202923053508141ab4b0/pillow_jxl_plugin-1.3.7-cp313-cp313-macosx_11_0_arm64.whl", hash = "sha256:0adca53f23626e4ee512766ddefa563376a19ce9b977b14fcb4aab370f56dd53", size = 1759614, upload-time = "2025-12-21T10:59:30.992Z" },
    { url = "https://files.pythonhosted.org/packages/82/bc/bbb4c909383af8ed349235a7d9b0dec9227c495f9ea07b278fa0572a5628/pillow_jxl_plugin-1.3.7-cp313-cp313-manylinux_2_17_aarch64.manylinux2014_aarch64.whl", hash = "sha256:e3985e4588f91c5cd3623bb56b298d1a83aba3d26f82de21181dd407dd9d09be", size = 2145016, upload-time = "2025-12-21T10:59:06.744Z" },
    { url = "https://files.pythonhosted.org/packages/d3/90/a586d4a4cf6e32f1a78b68ec12451d77a89dfd68b3e4a9c0b19bba619833/pillow_jxl_plugin-1.3.7-cp313-cp313-manylinux_2_17_i686.manylinux2014_i686.whl", hash = "sha256:5e6eeb84522903905f7e43301fc34e92177fd4a9b8ff0bc6f43a495cdabb689e", size = 2479641, upload-time = "2025-12-21T10:59:15.151Z" },
    { url = "https://files.pythonhosted.org/packages/35/8c/5756de671398805575c0aae91754f96e1b748c5b99e2f34f6114514bf1d7/pillow_jxl_plugin-1.3.7-cp313-cp313-manylinux_2_17_x86_64.manylinux2014_x86_64.whl", hash = "sha256:bb3c383df25bf68028013d11a68108f56ba1e13c78454e064435abeac0ff9623", size = 2567877, upload-time = "2025-12-21T10:59:23.461Z" },
    { url = "https://files.pythonhosted.org/packages/39/da/80b21062cf7dc912043b16fae4ab32739e77f47552861346826841c99c5d/pillow_jxl_plugin-1.3.7-cp313-cp313-musllinux_1_2_aarch64.whl", hash = "sha256:3c7ef83d757ff170f638fd8c7aa3f1ab09a33ae4d629fb072383e7095bfed70f", size = 8307442, upload-time = "2025-12-21T10:59:48.429Z" },
    { url = "https://files.pythonhosted.org/packages/bb/48/649c05d51eb6c3dac344bf2d3afdc96cafeea731140f45da359b97c2e42c/pillow_jxl_plugin-1.3.7-cp313-cp313-musllinux_1_2_armv7l.whl", hash = "sha256:07a1b4be08a9d64fe0bd11921047b2aaaf3050dc85b80dd92815474fd1b9a875", size = 8383496, upload-time = "2025-12-21T10:59:57.193Z" },
    { url = "https://files.pythonhosted.org/packages/c4/6d/8a0b964727b2692c4190539f11797cf2950be5b27b9e2ab8657c1e2abb7e/pillow_jxl_plugin-1.3.7-cp313-cp313-musllinux_1_2_i686.whl", hash = "sha256:06c8542c49b1b9675952b4c7cada5e3921237db58fbd6146b07832c702fd71e5", size = 9006742, upload-time = "2025-12-21T11:00:06.803Z" },
    { url = "https://files.pythonhosted.org/packages/ad/45/e9f8abae12927406d9624f351f5088e4e862b55d40d3171bab4b67e05a4d/pillow_jxl_plugin-1.3.7-cp313-cp313-musllinux_1_2_x86_64.whl", hash = "sha256:3d4d5e83ecf900ae91b8c522d2b5ecddb5ebfa9deb5005ddbaac6a3f3ff5d7eb", size = 9246602, upload-time = "2025-12-21T11:00:17.555Z" },
    { url = "https://files.pythonhosted.org/packages/8e/02/7b30bb46e5b8ca6102301332aab15995d05d831ccd4df6f8f60e9f1f044e/pillow_jxl_plugin-1.3.7-cp313-cp313-win32.whl", hash = "sha256:5b3bf3a3f8396a0284fc3b467a0f9802140f597845768e77e6303bc572baefc7", size = 4403756, upload-time = "2025-12-21T11:00:40.88Z" },
    { url = "https://files.pythonhosted.org/packages/4d/02/c663f0a38fd8358ae6bc58cfcdd9bc2ba0e22d2e38b0cbe8c528b0cd2e33/pillow_jxl_plugin-1.3.7-cp313-cp313-win_amd64.whl", hash = "sha256:23aca25bea7fc63e0466ceba12e6ddb26ce3685943185b7f6801c376f96832ed", size = 5001701, upload-time = "2025-12-21T11:00:32.832Z" },
    { url = "https://files.pythonhosted.org/packages/28/e1/c5fd4973a9d634044824480f6c0cd1ebab4a273f22a6fdb7f71429106c81/pillow_jxl_plugin-1.3.7-cp313-cp313-win_arm64.whl", hash = "sha256:d5254727e02c08185874635d3e56a41c9ad9b8c55d79c014cc6c9aa128b9bdf6", size = 2262587, upload-time = "2025-12-21T11:00:26.698Z" },
    { url = "https://files.pythonhosted.org/packages/c9/40/1498d47f62cbdf7ee45e652d2002aa3f5fb72230168827e958db20528ae1/pillow_jxl_plugin-1.3.7-cp314-cp314-macosx_10_12_x86_64.whl", hash = "sha256:7210ab1453c5cd70fd20e442071ad990bf29c18f7e3446b45238f7f55347f17b", size = 2332730, upload-time = "2025-12-21T10:59:40.057Z" },
    { url = "https://files.pythonhosted.org/packages/72/db/2e6e0757dbc9123c4203f781a273297ed7df7c182bd6fccbf73d6d4545b5/pillow_jxl_plugin-1.3.7-cp314-cp314-macosx_11_0_arm64.whl", hash = "sha256:6a1944d7250b9f0a5004305a83574fa902f65877c5f034d2c9a81eaa0010c89e", size = 1759001, upload-time = "2025-12-21T10:59:32.314Z" },
    { url = "https://files.pythonhosted.org/packages/e0/43/daf715148dd1fe39c2a95dd7f6faef0502d75523e97eb95e63ce1c38659e/pillow_jxl_plugin-1.3.7-cp314-cp314-manylinux_2_17_aarch64.manylinux2014_aarch64.whl", hash = "sha256:4b2fd8d0657bcc2d60978e3e3081659b7e3bea8b3aeac4edb0bc4d6265d844a1", size = 2144876, upload-time = "2025-12-21T10:59:08.049Z" },
    { url = "https://files.pythonhosted.org/packages/dd/06/71d243cdb924e239bb7881e0c471152565ed347e3a9f901c164973e289f3/pillow_jxl_plugin-1.3.7-cp314-cp314-manylinux_2_17_i686.manylinux2014_i686.whl", hash = "sha256:07db8544424358d6880415d4a5508ee7556b6ce69df9d56386b4ad82a86dc51d", size = 2479293, upload-time = "2025-12-21T10:59:16.933Z" },
    { url = "https://files.pythonhosted.org/packages/49/ac/1a8a07c928a591a2f49fc92bf25253e6897a46fdef1945ff184cc4fc09dd/pillow_jxl_plugin-1.3.7-cp314-cp314-manylinux_2_17_x86_64.manylinux2014_x86_64.whl", hash = "sha256:4f26112480edb8056908270acaf225cdca1c8bc921ce3cf2f97002b54fe81525", size = 2567354, upload-time = "2025-12-21T10:59:24.623Z" },
    { url = "https://files.pythonhosted.org/packages/cb/c6/b7cce43311c384a438038a05823cab990d52c4b5f7dfc44e2780e80855ca/pillow_jxl_plugin-1.3.7-cp314-cp314-musllinux_1_2_aarch64.whl", hash = "sha256:fd05b0fcf39c3d4bbb6557c5f23789d131eccbc46a93e03cb2f4d68d0f44983c", size = 8306883, upload-time = "2025-12-21T10:59:49.845Z" },
    { url = "https://files.pythonhosted.org/packages/b5/67/df8786d8252fbbef6076674b32344eca472175499a2d24c2ffe98b4b3459/pillow_jxl_plugin-1.3.7-cp314-cp314-musllinux_1_2_armv7l.whl", hash = "sha256:b289f27b177f92a1b7f8629ff196a5975f3a40c9ba13fadcbdf6e7a84976bf8a", size = 8383110, upload-time = "2025-12-21T10:59:58.518Z" },
    { url = "https://files.pythonhosted.org/packages/a1/9d/2408c773ab7b144b589ad100cf434beec71867a1a07121461c3f5405b161/pillow_jxl_plugin-1.3.7-cp314-cp314-musllinux_1_2_i686.whl", hash = "sha256:5a4f77d250595e662c40b844abecca72b3cb667f6107c41ece3c49ac626e5061", size = 9006076, upload-time = "2025-12-21T11:00:08.797Z" },
    { url = "https://files.pythonhosted.org/packages/81/c2/9410985a1e1c2f109c997896819de44c0a6c9bbada0f10fa269b75f15190/pillow_jxl_plugin-1.3.7-cp314-cp314-musllinux_1_2_x86_64.whl", hash = "sha256:1265e1588cdd14b5530b04438279e2a0cfc6dba8a7fb3a119119d5ccb1f7c6f8", size = 9246323, upload-time = "2025-12-21T11:00:19.504Z" },
    { url = "https://files.pythonhosted.org/packages/44/1f/e8ba1278146910ff171654157ebea9b92488cf2e9158ab4cce5f7408ab04/pillow_jxl_plugin-1.3.7-cp314-cp314-win32.whl", hash = "sha256:1d4173f4f3abf9224ae51c9a573a9cabc35003bc66f353e4a686f5b7c33ec8fa", size = 4403903, upload-time = "2025-12-21T11:00:42.129Z" },
    { url = "https://files.pythonhosted.org/packages/86/34/c42f2899a6d93666b2245cfef1776f464773728dc4b63c37ed232a0fe75d/pillow_jxl_plugin-1.3.7-cp314-cp314-win_amd64.whl", hash = "sha256:2809d64c7c91546a82871933990e1c12304e8cc94a86f221bfa43ef53a91bc4d", size = 5001272, upload-time = "2025-12-21T11:00:34.179Z" },
    { url = "https://files.pythonhosted.org/packages/be/2d/bf790911fd65a2e1244771e6494832c0dec6b5bbf828ebc696746866ef2e/pillow_jxl_plugin-1.3.7-cp314-cp314-win_arm64.whl", hash = "sha256:56b41190154898b0cd715399004427165ac7e4869fd835b004c40714de68dd7b", size = 2262769, upload-time = "2025-12-21T11:00:27.87Z" },
]

[[package]]
name = "pymupdf"
version = "1.26.7"
source = { registry = "https://pypi.org/simple" }
sdist = { url = "https://files.pythonhosted.org/packages/48/d6/09b28f027b510838559f7748807192149c419b30cb90e6d5f0cf916dc9dc/pymupdf-1.26.7.tar.gz", hash = "sha256:71add8bdc8eb1aaa207c69a13400693f06ad9b927bea976f5d5ab9df0bb489c3", size = 84327033, upload-time = "2025-12-11T21:48:50.694Z" }
wheels = [
    { url = "https://files.pythonhosted.org/packages/94/35/cd74cea1787b2247702ef8522186bdef32e9cb30a099e6bb864627ef6045/pymupdf-1.26.7-cp310-abi3-macosx_10_9_x86_64.whl", hash = "sha256:07085718dfdae5ab83b05eb5eb397f863bcc538fe05135318a01ea353e7a1353", size = 23179369, upload-time = "2025-12-11T21:47:21.587Z" },
    { url = "https://files.pythonhosted.org/packages/72/74/448b6172927c829c6a3fba80078d7b0a016ebbe2c9ee528821f5ea21677a/pymupdf-1.26.7-cp310-abi3-macosx_11_0_arm64.whl", hash = "sha256:31aa9c8377ea1eea02934b92f4dcf79fb2abba0bf41f8a46d64c3e31546a3c02", size = 22470101, upload-time = "2025-12-11T21:47:37.105Z" },
    { url = "https://files.pythonhosted.org/packages/65/e7/47af26f3ac76be7ac3dd4d6cc7ee105948a8355d774e5ca39857bf91c11c/pymupdf-1.26.7-cp310-abi3-manylinux_2_28_aarch64.whl", hash = "sha256:e419b609996434a14a80fa060adec72c434a1cca6a511ec54db9841bc5d51b3c", size = 23502486, upload-time = "2025-12-12T09:51:25.824Z" },
    { url = "https://files.pythonhosted.org/packages/2a/6b/3de1714d734ff949be1e90a22375d0598d3540b22ae73eb85c2d7d1f36a9/pymupdf-1.26.7-cp310-abi3-manylinux_2_28_x86_64.whl", hash = "sha256:69dfc78f206a96e5b3ac22741263ebab945fdf51f0dbe7c5757c3511b23d9d72", size = 24115727, upload-time = "2025-12-11T21:47:51.274Z" },
    { url = "https://files.pythonhosted.org/packages/62/9b/f86224847949577a523be2207315ae0fd3155b5d909cd66c274d095349a3/pymupdf-1.26.7-cp310-abi3-musllinux_1_2_x86_64.whl", hash = "sha256:1d5106f46e1ca0d64d46bd51892372a4f82076bdc14a9678d33d630702abca36", size = 24324386, upload-time = "2025-12-12T14:58:45.483Z" },
    { url = "https://files.pythonhosted.org/packages/85/8e/a117d39092ca645fde8b903f4a941d9aa75b370a67b4f1f435f56393dc5a/pymupdf-1.26.7-cp310-abi3-win32.whl", hash = "sha256:7c9645b6f5452629c747690190350213d3e5bbdb6b2eca227d82702b327f6eee", size = 17203888, upload-time = "2025-12-12T13:59:57.613Z" },
    { url = "https://files.pythonhosted.org/packages/dd/c3/d0047678146c294469c33bae167c8ace337deafb736b0bf97b9bc481aa65/pymupdf-1.26.7-cp310-abi3-win_amd64.whl", hash = "sha256:425b1befe40d41b72eb0fe211711c7ae334db5eb60307e9dd09066ed060cceba", size = 18405952, upload-time = "2025-12-11T21:48:02.947Z" },
]

[[package]]
name = "shanghai-dialect-digitizer"
version = "0.1.0"
source = { virtual = "." }
dependencies = [
    { name = "pillow" },
    { name = "pillow-jxl-plugin" },
    { name = "pymupdf" },
]

[package.metadata]
requires-dist = [
    { name = "pillow", specifier = ">=12.1.0" },
    { name = "pillow-jxl-plugin", specifier = ">=1.3.7" },
    { name = "pymupdf", specifier = ">=1.26.7" },
]
